
Microsoft Visual Studio Solution File, Format Version 12.00
# Visual Studio 14
VisualStudioVersion = 14.0.24720.0
MinimumVisualStudioVersion = 10.0.40219.1
Project("{FAE04EC0-301F-11D3-BF4B-00C04F79EFBC}") = "Trionfi", "Trionfi\Trionfi.csproj", "{5E2616C6-1765-49F8-B036-4B080F85D343}"
EndProject
Project("{FAE04EC0-301F-11D3-BF4B-00C04F79EFBC}") = "engine", "engine\engine.csproj", "{F69B5D08-4085-42F2-9043-26B806D17C80}"
EndProject
Global
	GlobalSection(SolutionConfigurationPlatforms) = preSolution
		Debug|Any CPU = Debug|Any CPU
		Release|Any CPU = Release|Any CPU
	EndGlobalSection
	GlobalSection(ProjectConfigurationPlatforms) = postSolution
		{5E2616C6-1765-49F8-B036-4B080F85D343}.Debug|Any CPU.ActiveCfg = Debug|Any CPU
		{5E2616C6-1765-49F8-B036-4B080F85D343}.Debug|Any CPU.Build.0 = Debug|Any CPU
		{5E2616C6-1765-49F8-B036-4B080F85D343}.Release|Any CPU.ActiveCfg = Release|Any CPU
		{5E2616C6-1765-49F8-B036-4B080F85D343}.Release|Any CPU.Build.0 = Release|Any CPU
		{F69B5D08-4085-42F2-9043-26B806D17C80}.Debug|Any CPU.ActiveCfg = Debug|Any CPU
		{F69B5D08-4085-42F2-9043-26B806D17C80}.Debug|Any CPU.Build.0 = Debug|Any CPU
		{F69B5D08-4085-42F2-9043-26B806D17C80}.Release|Any CPU.ActiveCfg = Release|Any CPU
		{F69B5D08-4085-42F2-9043-26B806D17C80}.Release|Any CPU.Build.0 = Release|Any CPU
	EndGlobalSection
	GlobalSection(SolutionProperties) = preSolution
		HideSolutionNode = FALSE
	EndGlobalSection
EndGlobal
